
Microsoft Visual Studio Solution File, Format Version 12.00
# Visual Studio 14
VisualStudioVersion = 14.0.25420.1
MinimumVisualStudioVersion = 10.0.40219.1
Project("{F184B08F-C81C-45F6-A57F-5ABD9991F28F}") = "QLTVBUS", "QLTVBus\QLTVBUS.vbproj", "{6A671C80-7ED5-430A-879D-6C5FB7EB40CE}"
	ProjectSection(ProjectDependencies) = postProject
		{82060E18-CC81-4F04-ACB4-27F0C4DAFBD8} = {82060E18-CC81-4F04-ACB4-27F0C4DAFBD8}
		{F1E1A736-60A9-428B-A3CF-4296EDD63AF3} = {F1E1A736-60A9-428B-A3CF-4296EDD63AF3}
		{EEE6BB5A-D04C-4671-9D73-D1B3BE6CE0F3} = {EEE6BB5A-D04C-4671-9D73-D1B3BE6CE0F3}
	EndProjectSection
EndProject
Project("{F184B08F-C81C-45F6-A57F-5ABD9991F28F}") = "QLTVDAL", "QLTVDAL\QLTVDAL.vbproj", "{82060E18-CC81-4F04-ACB4-27F0C4DAFBD8}"
	ProjectSection(ProjectDependencies) = postProject
		{F1E1A736-60A9-428B-A3CF-4296EDD63AF3} = {F1E1A736-60A9-428B-A3CF-4296EDD63AF3}
		{EEE6BB5A-D04C-4671-9D73-D1B3BE6CE0F3} = {EEE6BB5A-D04C-4671-9D73-D1B3BE6CE0F3}
	EndProjectSection
EndProject
Project("{F184B08F-C81C-45F6-A57F-5ABD9991F28F}") = "QLTVDTO", "QLTVDTO\QLTVDTO.vbproj", "{EEE6BB5A-D04C-4671-9D73-D1B3BE6CE0F3}"
	ProjectSection(ProjectDependencies) = postProject
		{F1E1A736-60A9-428B-A3CF-4296EDD63AF3} = {F1E1A736-60A9-428B-A3CF-4296EDD63AF3}
	EndProjectSection
EndProject
Project("{F184B08F-C81C-45F6-A57F-5ABD9991F28F}") = "QLTVGUI", "QLTVGUI\QLTVGUI.vbproj", "{60076420-FA34-4712-99D6-CC942103ECEB}"
	ProjectSection(ProjectDependencies) = postProject
		{F1E1A736-60A9-428B-A3CF-4296EDD63AF3} = {F1E1A736-60A9-428B-A3CF-4296EDD63AF3}
		{EEE6BB5A-D04C-4671-9D73-D1B3BE6CE0F3} = {EEE6BB5A-D04C-4671-9D73-D1B3BE6CE0F3}
		{6A671C80-7ED5-430A-879D-6C5FB7EB40CE} = {6A671C80-7ED5-430A-879D-6C5FB7EB40CE}
	EndProjectSection
EndProject
Project("{F184B08F-C81C-45F6-A57F-5ABD9991F28F}") = "Utility", "Utility\Utility.vbproj", "{F1E1A736-60A9-428B-A3CF-4296EDD63AF3}"
EndProject
Global
	GlobalSection(SolutionConfigurationPlatforms) = preSolution
		Debug|Any CPU = Debug|Any CPU
		Release|Any CPU = Release|Any CPU
	EndGlobalSection
	GlobalSection(ProjectConfigurationPlatforms) = postSolution
		{6A671C80-7ED5-430A-879D-6C5FB7EB40CE}.Debug|Any CPU.ActiveCfg = Debug|Any CPU
		{6A671C80-7ED5-430A-879D-6C5FB7EB40CE}.Debug|Any CPU.Build.0 = Debug|Any CPU
		{6A671C80-7ED5-430A-879D-6C5FB7EB40CE}.Release|Any CPU.ActiveCfg = Release|Any CPU
		{6A671C80-7ED5-430A-879D-6C5FB7EB40CE}.Release|Any CPU.Build.0 = Release|Any CPU
		{82060E18-CC81-4F04-ACB4-27F0C4DAFBD8}.Debug|Any CPU.ActiveCfg = Debug|Any CPU
		{82060E18-CC81-4F04-ACB4-27F0C4DAFBD8}.Debug|Any CPU.Build.0 = Debug|Any CPU
		{82060E18-CC81-4F04-ACB4-27F0C4DAFBD8}.Release|Any CPU.ActiveCfg = Release|Any CPU
		{82060E18-CC81-4F04-ACB4-27F0C4DAFBD8}.Release|Any CPU.Build.0 = Release|Any CPU
		{EEE6BB5A-D04C-4671-9D73-D1B3BE6CE0F3}.Debug|Any CPU.ActiveCfg = Debug|Any CPU
		{EEE6BB5A-D04C-4671-9D73-D1B3BE6CE0F3}.Debug|Any CPU.Build.0 = Debug|Any CPU
		{EEE6BB5A-D04C-4671-9D73-D1B3BE6CE0F3}.Release|Any CPU.ActiveCfg = Release|Any CPU
		{EEE6BB5A-D04C-4671-9D73-D1B3BE6CE0F3}.Release|Any CPU.Build.0 = Release|Any CPU
		{60076420-FA34-4712-99D6-CC942103ECEB}.Debug|Any CPU.ActiveCfg = Debug|Any CPU
		{60076420-FA34-4712-99D6-CC942103ECEB}.Debug|Any CPU.Build.0 = Debug|Any CPU
		{60076420-FA34-4712-99D6-CC942103ECEB}.Release|Any CPU.ActiveCfg = Release|Any CPU
		{60076420-FA34-4712-99D6-CC942103ECEB}.Release|Any CPU.Build.0 = Release|Any CPU
		{F1E1A736-60A9-428B-A3CF-4296EDD63AF3}.Debug|Any CPU.ActiveCfg = Debug|Any CPU
		{F1E1A736-60A9-428B-A3CF-4296EDD63AF3}.Debug|Any CPU.Build.0 = Debug|Any CPU
		{F1E1A736-60A9-428B-A3CF-4296EDD63AF3}.Release|Any CPU.ActiveCfg = Release|Any CPU
		{F1E1A736-60A9-428B-A3CF-4296EDD63AF3}.Release|Any CPU.Build.0 = Release|Any CPU
	EndGlobalSection
	GlobalSection(SolutionProperties) = preSolution
		HideSolutionNode = FALSE
	EndGlobalSection
EndGlobal
